# This file is automatically @generated by Cargo.
# It is not intended for manual editing.
version = 4

[[package]]
name = "bindings"
version = "0.1.0"
dependencies = [
 "codegen",
 "cranelift-entity",
 "frontend",
 "ir",
 "log",
 "opt",
 "paste",
 "smallvec",
]

[[package]]
name = "bitflags"
version = "2.13.0"
source = "registry+https://github.com/rust-lang/crates.io-index"
checksum = "b4388bee8683e3d04af747c73422af53102d2bd24d9eadb6cbc100baef4b43f8"

[[package]]
name = "codegen"
version = "0.1.0"
dependencies = [
 "bitflags",
 "cranelift-bitset",
 "cranelift-entity",
 "dominators",
 "entity-utils",
 "fx-utils",
 "graphwalk",
 "hashbrown",
 "ir",
 "itertools",
 "log",
 "slice-utils",
 "smallvec",
 "valmatch",
]

[[package]]
name = "cranelift-bitset"
version = "0.125.4"
source = "registry+https://github.com/rust-lang/crates.io-index"
checksum = "ac0790c83cfdab95709c5d0105fd888221e3af9049a7d7ec376ec901ab4e4dba"

[[package]]
name = "cranelift-entity"
version = "0.125.4"
source = "registry+https://github.com/rust-lang/crates.io-index"
checksum = "981b56af777f9a34ea6dcce93255125776d391410c2a68b75bed5941b714fa15"
dependencies = [
 "cranelift-bitset",
]

[[package]]
name = "dominators"
version = "0.1.0"
dependencies = [
 "cranelift-entity",
 "entity-utils",
 "fx-utils",
 "graphwalk",
 "smallvec",
]

[[package]]
name = "either"
version = "1.16.0"
source = "registry+https://github.com/rust-lang/crates.io-index"
checksum = "91622ff5e7162018101f2fea40d6ebf4a78bbe5a49736a2020649edf9693679e"

[[package]]
name = "entity-utils"
version = "0.1.0"
dependencies = [
 "cranelift-bitset",
 "cranelift-entity",
 "slice-utils",
]

[[package]]
name = "frontend"
version = "0.1.0"
dependencies = [
 "cranelift-entity",
 "fx-utils",
 "ir",
 "log",
]

[[package]]
name = "fx-utils"
version = "0.1.0"
dependencies = [
 "hashbrown",
 "rustc-hash",
]

[[package]]
name = "graphwalk"
version = "0.1.0"
dependencies = [
 "cranelift-entity",
 "entity-utils",
 "smallvec",
]

[[package]]
name = "hashbrown"
version = "0.17.1"
source = "registry+https://github.com/rust-lang/crates.io-index"
checksum = "ed5909b6e89a2db4456e54cd5f673791d7eca6732202bbf2a9cc504fe2f9b84a"

[[package]]
name = "hexfloat2"
version = "0.2.0"
source = "registry+https://github.com/rust-lang/crates.io-index"
checksum = "46e9a91c41b4112953fa8309790954e87fe6f69e3b88a059df367eca2deb3db7"

[[package]]
name = "ir"
version = "0.1.0"
dependencies = [
 "cranelift-entity",
 "dominators",
 "entity-utils",
 "fx-utils",
 "graphwalk",
 "hashbrown",
 "hexfloat2",
 "itertools",
 "log",
 "smallvec",
]

[[package]]
name = "itertools"
version = "0.14.0"
source = "registry+https://github.com/rust-lang/crates.io-index"
checksum = "2b192c782037fadd9cfa75548310488aabdbf3d2da73885b31bd0abd03351285"
dependencies = [
 "either",
]

[[package]]
name = "log"
version = "0.4.32"
source = "registry+https://github.com/rust-lang/crates.io-index"
checksum = "953f07c43838f8e6f9758cab68bf5bed85465e7587ebe0b823f1bcd81978ad3a"

[[package]]
name = "opt"
version = "0.1.0"
dependencies = [
 "bitflags",
 "cranelift-entity",
 "entity-utils",
 "fx-utils",
 "graphwalk",
 "ir",
 "itertools",
 "log",
 "smallvec",
 "valmatch",
]

[[package]]
name = "paste"
version = "1.0.15"
source = "registry+https://github.com/rust-lang/crates.io-index"
checksum = "57c0d7b74b563b49d38dae00a0c37d4d6de9b432382b2892f0574ddcae73fd0a"

[[package]]
name = "proc-macro2"
version = "1.0.106"
source = "registry+https://github.com/rust-lang/crates.io-index"
checksum = "8fd00f0bb2e90d81d1044c2b32617f68fcb9fa3bb7640c23e9c748e53fb30934"
dependencies = [
 "unicode-ident",
]

[[package]]
name = "quote"
version = "1.0.45"
source = "registry+https://github.com/rust-lang/crates.io-index"
checksum = "41f2619966050689382d2b44f664f4bc593e129785a36d6ee376ddf37259b924"
dependencies = [
 "proc-macro2",
]

[[package]]
name = "rust-libs"
version = "0.0.0"
dependencies = [
 "bindings",
 "log",
]

[[package]]
name = "rustc-hash"
version = "2.1.2"
source = "registry+https://github.com/rust-lang/crates.io-index"
checksum = "94300abf3f1ae2e2b8ffb7b58043de3d399c73fa6f4b73826402a5c457614dbe"

[[package]]
name = "slice-utils"
version = "0.1.0"

[[package]]
name = "smallvec"
version = "1.15.2"
source = "registry+https://github.com/rust-lang/crates.io-index"
checksum = "8ed6a63f02c8539c91a8685a86f4099661ba3da017932f6ebbea6de3f0fa7c90"

[[package]]
name = "syn"
version = "2.0.118"
source = "registry+https://github.com/rust-lang/crates.io-index"
checksum = "1b9ae57f904213ebb649ce6895b8a66c66f0203b9319718f69a5612a065b1422"
dependencies = [
 "proc-macro2",
 "quote",
 "unicode-ident",
]

[[package]]
name = "unicode-ident"
version = "1.0.24"
source = "registry+https://github.com/rust-lang/crates.io-index"
checksum = "e6e4313cd5fcd3dad5cafa179702e2b244f760991f45397d14d4ebf38247da75"

[[package]]
name = "valmatch"
version = "0.1.0"
dependencies = [
 "proc-macro2",
 "quote",
 "syn",
]
